Microsoft Visual Studio Solution File, Format Version 12.00
# Visual Studio Version 17
VisualStudioVersion = 17.0.31903.59
MinimumVisualStudioVersion = 10.0.40219.1
Project("{FAE04EC0-301F-11D3-BF4B-00C04F79EFBC}") = "DataverseMigrationScaffolder", "DataverseMigrationScaffolder\DataverseMigrationScaffolder.csproj", "{5A1B7C3D-9E2F-4A6B-8C1D-3F5E7A9B0C2D}"
EndProject
Global
	GlobalSection(SolutionConfigurationPlatforms) = preSolution
		Debug|Any CPU = Debug|Any CPU
		Release|Any CPU = Release|Any CPU
	EndGlobalSection
	GlobalSection(ProjectConfigurationPlatforms) = postSolution
		{5A1B7C3D-9E2F-4A6B-8C1D-3F5E7A9B0C2D}.Debug|Any CPU.ActiveCfg = Debug|Any CPU
		{5A1B7C3D-9E2F-4A6B-8C1D-3F5E7A9B0C2D}.Debug|Any CPU.Build.0 = Debug|Any CPU
		{5A1B7C3D-9E2F-4A6B-8C1D-3F5E7A9B0C2D}.Release|Any CPU.ActiveCfg = Release|Any CPU
		{5A1B7C3D-9E2F-4A6B-8C1D-3F5E7A9B0C2D}.Release|Any CPU.Build.0 = Release|Any CPU
	EndGlobalSection
	GlobalSection(SolutionProperties) = preSolution
		HideSolutionNode = FALSE
	EndGlobalSection
EndGlobal
